
Microsoft Visual Studio Solution File, Format Version 12.00
# Visual Studio Version 16
VisualStudioVersion = 16.0.31729.503
MinimumVisualStudioVersion = 10.0.40219.1
Project("{8BC9CEB8-8B4A-11D0-8D11-00A0C91BC942}") = "svm", "svm\svm.vcxproj", "{C5EF5BD4-724D-4DCF-809E-04D44AE08334}"
EndProject
Project("{8BC9CEB8-8B4A-11D0-8D11-00A0C91BC942}") = "usermode", "usermode\usermode.vcxproj", "{0198AA0B-C30A-4A07-AA52-C955A228BC39}"
EndProject
Global
	GlobalSection(SolutionConfigurationPlatforms) = preSolution
		Debug|ARM = Debug|ARM
		Debug|ARM64 = Debug|ARM64
		Debug|x64 = Debug|x64
		Debug|x86 = Debug|x86
		Release|ARM = Release|ARM
		Release|ARM64 = Release|ARM64
		Release|x64 = Release|x64
		Release|x86 = Release|x86
	EndGlobalSection
	GlobalSection(ProjectConfigurationPlatforms) = postSolution
		{C5EF5BD4-724D-4DCF-809E-04D44AE08334}.Debug|ARM.ActiveCfg = Debug|ARM
		{C5EF5BD4-724D-4DCF-809E-04D44AE08334}.Debug|ARM.Build.0 = Debug|ARM
		{C5EF5BD4-724D-4DCF-809E-04D44AE08334}.Debug|ARM.Deploy.0 = Debug|ARM
		{C5EF5BD4-724D-4DCF-809E-04D44AE08334}.Debug|ARM64.ActiveCfg = Debug|ARM64
		{C5EF5BD4-724D-4DCF-809E-04D44AE08334}.Debug|ARM64.Build.0 = Debug|ARM64
		{C5EF5BD4-724D-4DCF-809E-04D44AE08334}.Debug|ARM64.Deploy.0 = Debug|ARM64
		{C5EF5BD4-724D-4DCF-809E-04D44AE08334}.Debug|x64.ActiveCfg = Debug|x64
		{C5EF5BD4-724D-4DCF-809E-04D44AE08334}.Debug|x64.Build.0 = Debug|x64
		{C5EF5BD4-724D-4DCF-809E-04D44AE08334}.Debug|x64.Deploy.0 = Debug|x64
		{C5EF5BD4-724D-4DCF-809E-04D44AE08334}.Debug|x86.ActiveCfg = Debug|Win32
		{C5EF5BD4-724D-4DCF-809E-04D44AE08334}.Debug|x86.Build.0 = Debug|Win32
		{C5EF5BD4-724D-4DCF-809E-04D44AE08334}.Debug|x86.Deploy.0 = Debug|Win32
		{C5EF5BD4-724D-4DCF-809E-04D44AE08334}.Release|ARM.ActiveCfg = Release|ARM
		{C5EF5BD4-724D-4DCF-809E-04D44AE08334}.Release|ARM.Build.0 = Release|ARM
		{C5EF5BD4-724D-4DCF-809E-04D44AE08334}.Release|ARM.Deploy.0 = Release|ARM
		{C5EF5BD4-724D-4DCF-809E-04D44AE08334}.Release|ARM64.ActiveCfg = Release|ARM64
		{C5EF5BD4-724D-4DCF-809E-04D44AE08334}.Release|ARM64.Build.0 = Release|ARM64
		{C5EF5BD4-724D-4DCF-809E-04D44AE08334}.Release|ARM64.Deploy.0 = Release|ARM64
		{C5EF5BD4-724D-4DCF-809E-04D44AE08334}.Release|x64.ActiveCfg = Release|x64
		{C5EF5BD4-724D-4DCF-809E-04D44AE08334}.Release|x64.Build.0 = Release|x64
		{C5EF5BD4-724D-4DCF-809E-04D44AE08334}.Release|x64.Deploy.0 = Release|x64
		{C5EF5BD4-724D-4DCF-809E-04D44AE08334}.Release|x86.ActiveCfg = Release|Win32
		{C5EF5BD4-724D-4DCF-809E-04D44AE08334}.Release|x86.Build.0 = Release|Win32
		{C5EF5BD4-724D-4DCF-809E-04D44AE08334}.Release|x86.Deploy.0 = Release|Win32
		{0198AA0B-C30A-4A07-AA52-C955A228BC39}.Debug|ARM.ActiveCfg = Debug|Win32
		{0198AA0B-C30A-4A07-AA52-C955A228BC39}.Debug|ARM64.ActiveCfg = Debug|Win32
		{0198AA0B-C30A-4A07-AA52-C955A228BC39}.Debug|x64.ActiveCfg = Debug|x64
		{0198AA0B-C30A-4A07-AA52-C955A228BC39}.Debug|x64.Build.0 = Debug|x64
		{0198AA0B-C30A-4A07-AA52-C955A228BC39}.Debug|x86.ActiveCfg = Debug|Win32
		{0198AA0B-C30A-4A07-AA52-C955A228BC39}.Debug|x86.Build.0 = Debug|Win32
		{0198AA0B-C30A-4A07-AA52-C955A228BC39}.Release|ARM.ActiveCfg = Release|Win32
		{0198AA0B-C30A-4A07-AA52-C955A228BC39}.Release|ARM64.ActiveCfg = Release|Win32
		{0198AA0B-C30A-4A07-AA52-C955A228BC39}.Release|x64.ActiveCfg = Release|x64
		{0198AA0B-C30A-4A07-AA52-C955A228BC39}.Release|x64.Build.0 = Release|x64
		{0198AA0B-C30A-4A07-AA52-C955A228BC39}.Release|x86.ActiveCfg = Release|Win32
		{0198AA0B-C30A-4A07-AA52-C955A228BC39}.Release|x86.Build.0 = Release|Win32
	EndGlobalSection
	GlobalSection(SolutionProperties) = preSolution
		HideSolutionNode = FALSE
	EndGlobalSection
	GlobalSection(ExtensibilityGlobals) = postSolution
		SolutionGuid = {148D4B22-0242-4ECB-B175-74B313527186}
	EndGlobalSection
EndGlobal
